
Microsoft Visual Studio Solution File, Format Version 12.00
# Visual Studio Version 17
VisualStudioVersion = 17.1.32407.343
MinimumVisualStudioVersion = 10.0.40219.1
Project("{9A19103F-16F7-4668-BE54-9A1E7A4F7556}") = "ToDo Items", "ToDo Items\ToDo Items.csproj", "{D800AC3E-4CA2-4541-9F9D-292C57E84E49}"
EndProject
Project("{FAE04EC0-301F-11D3-BF4B-00C04F79EFBC}") = "TodoTestProject", "TodoTestProject\TodoTestProject.csproj", "{CF914931-38A2-4A85-A27D-C02FCF8897A9}"
EndProject
Global
	GlobalSection(SolutionConfigurationPlatforms) = preSolution
		Debug|Any CPU = Debug|Any CPU
		Release|Any CPU = Release|Any CPU
	EndGlobalSection
	GlobalSection(ProjectConfigurationPlatforms) = postSolution
		{D800AC3E-4CA2-4541-9F9D-292C57E84E49}.Debug|Any CPU.ActiveCfg = Debug|Any CPU
		{D800AC3E-4CA2-4541-9F9D-292C57E84E49}.Debug|Any CPU.Build.0 = Debug|Any CPU
		{D800AC3E-4CA2-4541-9F9D-292C57E84E49}.Release|Any CPU.ActiveCfg = Release|Any CPU
		{D800AC3E-4CA2-4541-9F9D-292C57E84E49}.Release|Any CPU.Build.0 = Release|Any CPU
		{CF914931-38A2-4A85-A27D-C02FCF8897A9}.Debug|Any CPU.ActiveCfg = Debug|Any CPU
		{CF914931-38A2-4A85-A27D-C02FCF8897A9}.Debug|Any CPU.Build.0 = Debug|Any CPU
		{CF914931-38A2-4A85-A27D-C02FCF8897A9}.Release|Any CPU.ActiveCfg = Release|Any CPU
		{CF914931-38A2-4A85-A27D-C02FCF8897A9}.Release|Any CPU.Build.0 = Release|Any CPU
	EndGlobalSection
	GlobalSection(SolutionProperties) = preSolution
		HideSolutionNode = FALSE
	EndGlobalSection
	GlobalSection(ExtensibilityGlobals) = postSolution
		SolutionGuid = {23817FC2-9DB3-493B-A7BB-308D29474F11}
	EndGlobalSection
EndGlobal
